
Microsoft Visual Studio Solution File, Format Version 12.00
# Visual Studio Version 16
VisualStudioVersion = 16.0.29905.134
MinimumVisualStudioVersion = 10.0.40219.1
Project("{FAE04EC0-301F-11D3-BF4B-00C04F79EFBC}") = "GWT", "GWT.csproj", "{0ADDE8C4-0622-4237-9B39-A78E0E7B58F5}"
EndProject
Project("{FAE04EC0-301F-11D3-BF4B-00C04F79EFBC}") = "GridWorld", "..\GridWorld\GridWorld.csproj", "{7AE32EC6-9B69-4707-87CB-60650E4D8DD2}"
EndProject
Global
	GlobalSection(SolutionConfigurationPlatforms) = preSolution
		Debug|Any CPU = Debug|Any CPU
		Debug|x64 = Debug|x64
		Release|Any CPU = Release|Any CPU
		Release|x64 = Release|x64
	EndGlobalSection
	GlobalSection(ProjectConfigurationPlatforms) = postSolution
		{0ADDE8C4-0622-4237-9B39-A78E0E7B58F5}.Debug|Any CPU.ActiveCfg = Debug|Any CPU
		{0ADDE8C4-0622-4237-9B39-A78E0E7B58F5}.Debug|Any CPU.Build.0 = Debug|Any CPU
		{0ADDE8C4-0622-4237-9B39-A78E0E7B58F5}.Debug|x64.ActiveCfg = Debug|x64
		{0ADDE8C4-0622-4237-9B39-A78E0E7B58F5}.Debug|x64.Build.0 = Debug|x64
		{0ADDE8C4-0622-4237-9B39-A78E0E7B58F5}.Release|Any CPU.ActiveCfg = Release|Any CPU
		{0ADDE8C4-0622-4237-9B39-A78E0E7B58F5}.Release|Any CPU.Build.0 = Release|Any CPU
		{0ADDE8C4-0622-4237-9B39-A78E0E7B58F5}.Release|x64.ActiveCfg = Release|x64
		{0ADDE8C4-0622-4237-9B39-A78E0E7B58F5}.Release|x64.Build.0 = Release|x64
		{7AE32EC6-9B69-4707-87CB-60650E4D8DD2}.Debug|Any CPU.ActiveCfg = Debug|Any CPU
		{7AE32EC6-9B69-4707-87CB-60650E4D8DD2}.Debug|Any CPU.Build.0 = Debug|Any CPU
		{7AE32EC6-9B69-4707-87CB-60650E4D8DD2}.Debug|x64.ActiveCfg = Debug|x64
		{7AE32EC6-9B69-4707-87CB-60650E4D8DD2}.Debug|x64.Build.0 = Debug|x64
		{7AE32EC6-9B69-4707-87CB-60650E4D8DD2}.Release|Any CPU.ActiveCfg = Release|Any CPU
		{7AE32EC6-9B69-4707-87CB-60650E4D8DD2}.Release|Any CPU.Build.0 = Release|Any CPU
		{7AE32EC6-9B69-4707-87CB-60650E4D8DD2}.Release|x64.ActiveCfg = Release|x64
		{7AE32EC6-9B69-4707-87CB-60650E4D8DD2}.Release|x64.Build.0 = Release|x64
	EndGlobalSection
	GlobalSection(SolutionProperties) = preSolution
		HideSolutionNode = FALSE
	EndGlobalSection
	GlobalSection(ExtensibilityGlobals) = postSolution
		SolutionGuid = {1C08949A-0DA5-4813-8CEC-E28BEBA8EC33}
	EndGlobalSection
EndGlobal
